
Microsoft Visual Studio Solution File, Format Version 12.00
# Visual Studio Version 17
VisualStudioVersion = 17.5.002.0
MinimumVisualStudioVersion = 10.0.40219.1
Project("{9A19103F-16F7-4668-BE54-9A1E7A4F7556}") = "textetion-", "textetion-.csproj", "{33B2733E-FD21-416D-AF1B-015C67323451}"
EndProject
Global
	GlobalSection(SolutionConfigurationPlatforms) = preSolution
		Debug|Any CPU = Debug|Any CPU
		Release|Any CPU = Release|Any CPU
	EndGlobalSection
	GlobalSection(ProjectConfigurationPlatforms) = postSolution
		{33B2733E-FD21-416D-AF1B-015C67323451}.Debug|Any CPU.ActiveCfg = Debug|Any CPU
		{33B2733E-FD21-416D-AF1B-015C67323451}.Debug|Any CPU.Build.0 = Debug|Any CPU
		{33B2733E-FD21-416D-AF1B-015C67323451}.Release|Any CPU.ActiveCfg = Release|Any CPU
		{33B2733E-FD21-416D-AF1B-015C67323451}.Release|Any CPU.Build.0 = Release|Any CPU
	EndGlobalSection
	GlobalSection(SolutionProperties) = preSolution
		HideSolutionNode = FALSE
	EndGlobalSection
	GlobalSection(ExtensibilityGlobals) = postSolution
		SolutionGuid = {4FC85205-BC60-44A7-8349-6D22EE092ADB}
	EndGlobalSection
EndGlobal
